
Microsoft Visual Studio Solution File, Format Version 12.00
# Visual Studio Version 17
VisualStudioVersion = 17.7.34202.233
MinimumVisualStudioVersion = 10.0.40219.1
Project("{FAE04EC0-301F-11D3-BF4B-00C04F79EFBC}") = "exer02", "exer02.csproj", "{C162F011-EEE9-4ADE-9322-B3A2DF424387}"
EndProject
Global
	GlobalSection(SolutionConfigurationPlatforms) = preSolution
		Debug|Any CPU = Debug|Any CPU
		Release|Any CPU = Release|Any CPU
	EndGlobalSection
	GlobalSection(ProjectConfigurationPlatforms) = postSolution
		{C162F011-EEE9-4ADE-9322-B3A2DF424387}.Debug|Any CPU.ActiveCfg = Debug|Any CPU
		{C162F011-EEE9-4ADE-9322-B3A2DF424387}.Debug|Any CPU.Build.0 = Debug|Any CPU
		{C162F011-EEE9-4ADE-9322-B3A2DF424387}.Release|Any CPU.ActiveCfg = Release|Any CPU
		{C162F011-EEE9-4ADE-9322-B3A2DF424387}.Release|Any CPU.Build.0 = Release|Any CPU
	EndGlobalSection
	GlobalSection(SolutionProperties) = preSolution
		HideSolutionNode = FALSE
	EndGlobalSection
	GlobalSection(ExtensibilityGlobals) = postSolution
		SolutionGuid = {7AB6BA82-6557-44C7-B9DC-4B89FABA56D8}
	EndGlobalSection
EndGlobal
