
Microsoft Visual Studio Solution File, Format Version 12.00
# Visual Studio Version 17
VisualStudioVersion = 17.7.34202.233
MinimumVisualStudioVersion = 10.0.40219.1
Project("{FAE04EC0-301F-11D3-BF4B-00C04F79EFBC}") = "exer09", "exer09.csproj", "{42313FC9-7840-43CC-8BE4-F53D446B4FE3}"
EndProject
Global
	GlobalSection(SolutionConfigurationPlatforms) = preSolution
		Debug|Any CPU = Debug|Any CPU
		Release|Any CPU = Release|Any CPU
	EndGlobalSection
	GlobalSection(ProjectConfigurationPlatforms) = postSolution
		{42313FC9-7840-43CC-8BE4-F53D446B4FE3}.Debug|Any CPU.ActiveCfg = Debug|Any CPU
		{42313FC9-7840-43CC-8BE4-F53D446B4FE3}.Debug|Any CPU.Build.0 = Debug|Any CPU
		{42313FC9-7840-43CC-8BE4-F53D446B4FE3}.Release|Any CPU.ActiveCfg = Release|Any CPU
		{42313FC9-7840-43CC-8BE4-F53D446B4FE3}.Release|Any CPU.Build.0 = Release|Any CPU
	EndGlobalSection
	GlobalSection(SolutionProperties) = preSolution
		HideSolutionNode = FALSE
	EndGlobalSection
	GlobalSection(ExtensibilityGlobals) = postSolution
		SolutionGuid = {A85A1309-DD85-4CD5-B3CC-C8FE323E4B9F}
	EndGlobalSection
EndGlobal
